{
  "requires": true,
  "lockfileVersion": 1,
  "dependencies": {
    "xinput-mouse-key-logger": {
      "version": "1.0.1",
      "resolved": "https://registry.npmjs.org/xinput-mouse-key-logger/-/xinput-mouse-key-logger-1.0.1.tgz",
      "integrity": "sha1-ZZ2+KQ3ZFB+ZI0/ol05oVKWgnXs="
    }
  }
}
