{
  "name": "typing-blocker",
  "version": "1.0.0",
  "lockfileVersion": 1,
  "requires": true,
  "dependencies": {
    "python-shell": {
      "version": "1.0.8",
      "resolved": "https://registry.npmjs.org/python-shell/-/python-shell-1.0.8.tgz",
      "integrity": "sha512-jMKagerg3alm6j+Prq5t/M3dTgEppy5vC6ns+LqAjfuHiT8olfK3PMokpqpeEcWEqvDnUcAOhp6SQzaLBtTzRw=="
    },
    "xinput-mouse-key-logger": {
      "version": "1.0.1",
      "resolved": "https://registry.npmjs.org/xinput-mouse-key-logger/-/xinput-mouse-key-logger-1.0.1.tgz",
      "integrity": "sha1-ZZ2+KQ3ZFB+ZI0/ol05oVKWgnXs="
    }
  }
}
